
Microsoft Visual Studio Solution File, Format Version 12.00
# Visual Studio Version 16
VisualStudioVersion = 16.0.30413.136
MinimumVisualStudioVersion = 10.0.40219.1
Project("{9A19103F-16F7-4668-BE54-9A1E7A4F7556}") = "Feleves", "Feleves\Feleves.csproj", "{1D8D29B1-5B37-4941-B976-F09754D03C21}"
EndProject
Project("{9A19103F-16F7-4668-BE54-9A1E7A4F7556}") = "Models", "Models\Models.csproj", "{4FE40D7D-7E29-453E-8C9E-08A8088AE47C}"
EndProject
Project("{9A19103F-16F7-4668-BE54-9A1E7A4F7556}") = "Data", "Data\Data.csproj", "{F5339633-E0AA-4EB8-9619-BAD4A16EFA66}"
EndProject
Project("{9A19103F-16F7-4668-BE54-9A1E7A4F7556}") = "Repository", "Repository\Repository.csproj", "{A30247CB-950F-4D2B-B8D3-FCFA9A00BD5B}"
EndProject
Project("{9A19103F-16F7-4668-BE54-9A1E7A4F7556}") = "Logic", "Logic\Logic.csproj", "{2AD9BFBB-4131-4C8E-8333-4781748F2291}"
EndProject
Project("{9A19103F-16F7-4668-BE54-9A1E7A4F7556}") = "Teszteles", "Teszteles\Teszteles.csproj", "{2AC84881-F214-4ADC-97E7-078A418EE0FB}"
EndProject
Project("{9A19103F-16F7-4668-BE54-9A1E7A4F7556}") = "KnifeStoreWpf", "KnifeStoreWpf\KnifeStoreWpf.csproj", "{34AAF958-D2D7-4605-BD5B-FAD6F60A6DBB}"
EndProject
Global
	GlobalSection(SolutionConfigurationPlatforms) = preSolution
		Debug|Any CPU = Debug|Any CPU
		Release|Any CPU = Release|Any CPU
	EndGlobalSection
	GlobalSection(ProjectConfigurationPlatforms) = postSolution
		{1D8D29B1-5B37-4941-B976-F09754D03C21}.Debug|Any CPU.ActiveCfg = Debug|Any CPU
		{1D8D29B1-5B37-4941-B976-F09754D03C21}.Debug|Any CPU.Build.0 = Debug|Any CPU
		{1D8D29B1-5B37-4941-B976-F09754D03C21}.Release|Any CPU.ActiveCfg = Release|Any CPU
		{1D8D29B1-5B37-4941-B976-F09754D03C21}.Release|Any CPU.Build.0 = Release|Any CPU
		{4FE40D7D-7E29-453E-8C9E-08A8088AE47C}.Debug|Any CPU.ActiveCfg = Debug|Any CPU
		{4FE40D7D-7E29-453E-8C9E-08A8088AE47C}.Debug|Any CPU.Build.0 = Debug|Any CPU
		{4FE40D7D-7E29-453E-8C9E-08A8088AE47C}.Release|Any CPU.ActiveCfg = Release|Any CPU
		{4FE40D7D-7E29-453E-8C9E-08A8088AE47C}.Release|Any CPU.Build.0 = Release|Any CPU
		{F5339633-E0AA-4EB8-9619-BAD4A16EFA66}.Debug|Any CPU.ActiveCfg = Debug|Any CPU
		{F5339633-E0AA-4EB8-9619-BAD4A16EFA66}.Debug|Any CPU.Build.0 = Debug|Any CPU
		{F5339633-E0AA-4EB8-9619-BAD4A16EFA66}.Release|Any CPU.ActiveCfg = Release|Any CPU
		{F5339633-E0AA-4EB8-9619-BAD4A16EFA66}.Release|Any CPU.Build.0 = Release|Any CPU
		{A30247CB-950F-4D2B-B8D3-FCFA9A00BD5B}.Debug|Any CPU.ActiveCfg = Debug|Any CPU
		{A30247CB-950F-4D2B-B8D3-FCFA9A00BD5B}.Debug|Any CPU.Build.0 = Debug|Any CPU
		{A30247CB-950F-4D2B-B8D3-FCFA9A00BD5B}.Release|Any CPU.ActiveCfg = Release|Any CPU
		{A30247CB-950F-4D2B-B8D3-FCFA9A00BD5B}.Release|Any CPU.Build.0 = Release|Any CPU
		{2AD9BFBB-4131-4C8E-8333-4781748F2291}.Debug|Any CPU.ActiveCfg = Debug|Any CPU
		{2AD9BFBB-4131-4C8E-8333-4781748F2291}.Debug|Any CPU.Build.0 = Debug|Any CPU
		{2AD9BFBB-4131-4C8E-8333-4781748F2291}.Release|Any CPU.ActiveCfg = Release|Any CPU
		{2AD9BFBB-4131-4C8E-8333-4781748F2291}.Release|Any CPU.Build.0 = Release|Any CPU
		{2AC84881-F214-4ADC-97E7-078A418EE0FB}.Debug|Any CPU.ActiveCfg = Debug|Any CPU
		{2AC84881-F214-4ADC-97E7-078A418EE0FB}.Debug|Any CPU.Build.0 = Debug|Any CPU
		{2AC84881-F214-4ADC-97E7-078A418EE0FB}.Release|Any CPU.ActiveCfg = Release|Any CPU
		{2AC84881-F214-4ADC-97E7-078A418EE0FB}.Release|Any CPU.Build.0 = Release|Any CPU
		{34AAF958-D2D7-4605-BD5B-FAD6F60A6DBB}.Debug|Any CPU.ActiveCfg = Debug|Any CPU
		{34AAF958-D2D7-4605-BD5B-FAD6F60A6DBB}.Debug|Any CPU.Build.0 = Debug|Any CPU
		{34AAF958-D2D7-4605-BD5B-FAD6F60A6DBB}.Release|Any CPU.ActiveCfg = Release|Any CPU
		{34AAF958-D2D7-4605-BD5B-FAD6F60A6DBB}.Release|Any CPU.Build.0 = Release|Any CPU
	EndGlobalSection
	GlobalSection(SolutionProperties) = preSolution
		HideSolutionNode = FALSE
	EndGlobalSection
	GlobalSection(ExtensibilityGlobals) = postSolution
		SolutionGuid = {64C957CA-29A1-4231-9E7A-F51E7C5670C4}
	EndGlobalSection
EndGlobal
