
Microsoft Visual Studio Solution File, Format Version 12.00
# Visual Studio Version 16
VisualStudioVersion = 16.0.30413.136
MinimumVisualStudioVersion = 10.0.40219.1
Project("{FAE04EC0-301F-11D3-BF4B-00C04F79EFBC}") = "Feleves", "Feleves\Feleves.csproj", "{1D8D29B1-5B37-4941-B976-F09754D03C21}"
EndProject
Project("{FAE04EC0-301F-11D3-BF4B-00C04F79EFBC}") = "Models", "Models\Models.csproj", "{4FE40D7D-7E29-453E-8C9E-08A8088AE47C}"
EndProject
Global
	GlobalSection(SolutionConfigurationPlatforms) = preSolution
		Debug|Any CPU = Debug|Any CPU
		Release|Any CPU = Release|Any CPU
	EndGlobalSection
	GlobalSection(ProjectConfigurationPlatforms) = postSolution
		{1D8D29B1-5B37-4941-B976-F09754D03C21}.Debug|Any CPU.ActiveCfg = Debug|Any CPU
		{1D8D29B1-5B37-4941-B976-F09754D03C21}.Debug|Any CPU.Build.0 = Debug|Any CPU
		{1D8D29B1-5B37-4941-B976-F09754D03C21}.Release|Any CPU.ActiveCfg = Release|Any CPU
		{1D8D29B1-5B37-4941-B976-F09754D03C21}.Release|Any CPU.Build.0 = Release|Any CPU
		{4FE40D7D-7E29-453E-8C9E-08A8088AE47C}.Debug|Any CPU.ActiveCfg = Debug|Any CPU
		{4FE40D7D-7E29-453E-8C9E-08A8088AE47C}.Debug|Any CPU.Build.0 = Debug|Any CPU
		{4FE40D7D-7E29-453E-8C9E-08A8088AE47C}.Release|Any CPU.ActiveCfg = Release|Any CPU
		{4FE40D7D-7E29-453E-8C9E-08A8088AE47C}.Release|Any CPU.Build.0 = Release|Any CPU
	EndGlobalSection
	GlobalSection(SolutionProperties) = preSolution
		HideSolutionNode = FALSE
	EndGlobalSection
	GlobalSection(ExtensibilityGlobals) = postSolution
		SolutionGuid = {64C957CA-29A1-4231-9E7A-F51E7C5670C4}
	EndGlobalSection
EndGlobal
